
Microsoft Visual Studio Solution File, Format Version 12.00
# Visual Studio Version 17
VisualStudioVersion = 17.0.31903.59
MinimumVisualStudioVersion = 10.0.40219.1
Project("{2150E333-8FDC-42A3-9474-1A3956D46DE8}") = "tests", "tests", "{5560F0B2-30CD-4973-AA30-FA4B656D47FC}"
EndProject
Project("{2150E333-8FDC-42A3-9474-1A3956D46DE8}") = "src", "src", "{5649D6E6-8452-421D-81DA-1225A401793B}"
EndProject
Project("{9A19103F-16F7-4668-BE54-9A1E7A4F7556}") = "Restaurants.API", "src\Restaurants.API\Restaurants.API.csproj", "{16207090-6606-4C68-BF98-6A3C7EDF66B2}"
EndProject
Project("{9A19103F-16F7-4668-BE54-9A1E7A4F7556}") = "Restaurants.Application", "src\Restaurants.Application\Restaurants.Application.csproj", "{2B4604EB-4B44-4014-B31D-E7697E34AA59}"
EndProject
Project("{9A19103F-16F7-4668-BE54-9A1E7A4F7556}") = "Restaurants.Infrastructure", "src\Restaurants.Infrastructure\Restaurants.Infrastructure.csproj", "{09ED39D7-D9A2-4F40-B7E3-373C728874D7}"
EndProject
Project("{9A19103F-16F7-4668-BE54-9A1E7A4F7556}") = "Restaurants.Domain", "src\Restaurants.Domain\Restaurants.Domain.csproj", "{81C0D235-B58B-41E9-93F6-1D0A8F5386F6}"
EndProject
Project("{9A19103F-16F7-4668-BE54-9A1E7A4F7556}") = "Restaurants.Application.Tests", "tests\Restaurants.Application.Tests\Restaurants.Application.Tests.csproj", "{02C9F647-1745-4AA3-A332-67C29F5AD2D0}"
EndProject
Project("{9A19103F-16F7-4668-BE54-9A1E7A4F7556}") = "Restaurants.Infrastructure.Tests", "tests\Restaurants.Infrastructure.Tests\Restaurants.Infrastructure.Tests.csproj", "{4272BCF7-4B18-4F08-BD35-4B2D8CB34A69}"
EndProject
Project("{9A19103F-16F7-4668-BE54-9A1E7A4F7556}") = "Restaurants.API.Tests", "tests\Restaurants.API.Tests\Restaurants.API.Tests.csproj", "{C4C25D34-F5AD-42E1-8985-921AC16B5819}"
EndProject
Global
	GlobalSection(SolutionConfigurationPlatforms) = preSolution
		Debug|Any CPU = Debug|Any CPU
		Release|Any CPU = Release|Any CPU
	EndGlobalSection
	GlobalSection(ProjectConfigurationPlatforms) = postSolution
		{16207090-6606-4C68-BF98-6A3C7EDF66B2}.Debug|Any CPU.ActiveCfg = Debug|Any CPU
		{16207090-6606-4C68-BF98-6A3C7EDF66B2}.Debug|Any CPU.Build.0 = Debug|Any CPU
		{16207090-6606-4C68-BF98-6A3C7EDF66B2}.Release|Any CPU.ActiveCfg = Release|Any CPU
		{16207090-6606-4C68-BF98-6A3C7EDF66B2}.Release|Any CPU.Build.0 = Release|Any CPU
		{2B4604EB-4B44-4014-B31D-E7697E34AA59}.Debug|Any CPU.ActiveCfg = Debug|Any CPU
		{2B4604EB-4B44-4014-B31D-E7697E34AA59}.Debug|Any CPU.Build.0 = Debug|Any CPU
		{2B4604EB-4B44-4014-B31D-E7697E34AA59}.Release|Any CPU.ActiveCfg = Release|Any CPU
		{2B4604EB-4B44-4014-B31D-E7697E34AA59}.Release|Any CPU.Build.0 = Release|Any CPU
		{09ED39D7-D9A2-4F40-B7E3-373C728874D7}.Debug|Any CPU.ActiveCfg = Debug|Any CPU
		{09ED39D7-D9A2-4F40-B7E3-373C728874D7}.Debug|Any CPU.Build.0 = Debug|Any CPU
		{09ED39D7-D9A2-4F40-B7E3-373C728874D7}.Release|Any CPU.ActiveCfg = Release|Any CPU
		{09ED39D7-D9A2-4F40-B7E3-373C728874D7}.Release|Any CPU.Build.0 = Release|Any CPU
		{81C0D235-B58B-41E9-93F6-1D0A8F5386F6}.Debug|Any CPU.ActiveCfg = Debug|Any CPU
		{81C0D235-B58B-41E9-93F6-1D0A8F5386F6}.Debug|Any CPU.Build.0 = Debug|Any CPU
		{81C0D235-B58B-41E9-93F6-1D0A8F5386F6}.Release|Any CPU.ActiveCfg = Release|Any CPU
		{81C0D235-B58B-41E9-93F6-1D0A8F5386F6}.Release|Any CPU.Build.0 = Release|Any CPU
		{02C9F647-1745-4AA3-A332-67C29F5AD2D0}.Debug|Any CPU.ActiveCfg = Debug|Any CPU
		{02C9F647-1745-4AA3-A332-67C29F5AD2D0}.Debug|Any CPU.Build.0 = Debug|Any CPU
		{02C9F647-1745-4AA3-A332-67C29F5AD2D0}.Release|Any CPU.ActiveCfg = Release|Any CPU
		{02C9F647-1745-4AA3-A332-67C29F5AD2D0}.Release|Any CPU.Build.0 = Release|Any CPU
		{4272BCF7-4B18-4F08-BD35-4B2D8CB34A69}.Debug|Any CPU.ActiveCfg = Debug|Any CPU
		{4272BCF7-4B18-4F08-BD35-4B2D8CB34A69}.Debug|Any CPU.Build.0 = Debug|Any CPU
		{4272BCF7-4B18-4F08-BD35-4B2D8CB34A69}.Release|Any CPU.ActiveCfg = Release|Any CPU
		{4272BCF7-4B18-4F08-BD35-4B2D8CB34A69}.Release|Any CPU.Build.0 = Release|Any CPU
		{C4C25D34-F5AD-42E1-8985-921AC16B5819}.Debug|Any CPU.ActiveCfg = Debug|Any CPU
		{C4C25D34-F5AD-42E1-8985-921AC16B5819}.Debug|Any CPU.Build.0 = Debug|Any CPU
		{C4C25D34-F5AD-42E1-8985-921AC16B5819}.Release|Any CPU.ActiveCfg = Release|Any CPU
		{C4C25D34-F5AD-42E1-8985-921AC16B5819}.Release|Any CPU.Build.0 = Release|Any CPU
	EndGlobalSection
	GlobalSection(SolutionProperties) = preSolution
		HideSolutionNode = FALSE
	EndGlobalSection
	GlobalSection(NestedProjects) = preSolution
		{16207090-6606-4C68-BF98-6A3C7EDF66B2} = {5649D6E6-8452-421D-81DA-1225A401793B}
		{2B4604EB-4B44-4014-B31D-E7697E34AA59} = {5649D6E6-8452-421D-81DA-1225A401793B}
		{09ED39D7-D9A2-4F40-B7E3-373C728874D7} = {5649D6E6-8452-421D-81DA-1225A401793B}
		{81C0D235-B58B-41E9-93F6-1D0A8F5386F6} = {5649D6E6-8452-421D-81DA-1225A401793B}
		{02C9F647-1745-4AA3-A332-67C29F5AD2D0} = {5560F0B2-30CD-4973-AA30-FA4B656D47FC}
		{4272BCF7-4B18-4F08-BD35-4B2D8CB34A69} = {5560F0B2-30CD-4973-AA30-FA4B656D47FC}
		{C4C25D34-F5AD-42E1-8985-921AC16B5819} = {5560F0B2-30CD-4973-AA30-FA4B656D47FC}
	EndGlobalSection
	GlobalSection(ExtensibilityGlobals) = postSolution
		SolutionGuid = {0E9A85AC-7F25-4E8D-AE86-4D0D879B05D2}
	EndGlobalSection
EndGlobal
